
Microsoft Visual Studio Solution File, Format Version 12.00
# Visual Studio Version 17
VisualStudioVersion = 17.10.34928.147
MinimumVisualStudioVersion = 10.0.40219.1
Project("{FAE04EC0-301F-11D3-BF4B-00C04F79EFBC}") = "ClassLibrary - Til ObligatoriskOpg", "ClassLibrary - Til ObligatoriskOpg\ClassLibrary - Til ObligatoriskOpg.csproj", "{A6A8B397-A44A-4AC7-9137-4F7AF584F230}"
EndProject
Project("{FAE04EC0-301F-11D3-BF4B-00C04F79EFBC}") = "ClassLibrary - Til ObligatoriskOpgTests", "ClassLibrary - Til ObligatoriskOpgTests\ClassLibrary - Til ObligatoriskOpgTests.csproj", "{A11094ED-8515-416A-965B-936C1EF4920C}"
EndProject
Global
	GlobalSection(SolutionConfigurationPlatforms) = preSolution
		Debug|Any CPU = Debug|Any CPU
		Release|Any CPU = Release|Any CPU
	EndGlobalSection
	GlobalSection(ProjectConfigurationPlatforms) = postSolution
		{A6A8B397-A44A-4AC7-9137-4F7AF584F230}.Debug|Any CPU.ActiveCfg = Debug|Any CPU
		{A6A8B397-A44A-4AC7-9137-4F7AF584F230}.Debug|Any CPU.Build.0 = Debug|Any CPU
		{A6A8B397-A44A-4AC7-9137-4F7AF584F230}.Release|Any CPU.ActiveCfg = Release|Any CPU
		{A6A8B397-A44A-4AC7-9137-4F7AF584F230}.Release|Any CPU.Build.0 = Release|Any CPU
		{A11094ED-8515-416A-965B-936C1EF4920C}.Debug|Any CPU.ActiveCfg = Debug|Any CPU
		{A11094ED-8515-416A-965B-936C1EF4920C}.Debug|Any CPU.Build.0 = Debug|Any CPU
		{A11094ED-8515-416A-965B-936C1EF4920C}.Release|Any CPU.ActiveCfg = Release|Any CPU
		{A11094ED-8515-416A-965B-936C1EF4920C}.Release|Any CPU.Build.0 = Release|Any CPU
	EndGlobalSection
	GlobalSection(SolutionProperties) = preSolution
		HideSolutionNode = FALSE
	EndGlobalSection
	GlobalSection(ExtensibilityGlobals) = postSolution
		SolutionGuid = {67F05E4B-EC6B-47A6-AD8A-C20DA40FA908}
	EndGlobalSection
EndGlobal
